// !$*UTF8*$!
{
	archiveVersion = 1;
	classes = {
	};
	objectVersion = 46;
	objects = {

/* Begin PBXBuildFile section */
		D48A84EB1AF30FB100EAB5DB /* Container.cpp in Sources */ = {isa = PBXBuildFile; fileRef = D48A84E91AF30FB100EAB5DB /* Container.cpp */; };
		D48A84EE1AF3102C00EAB5DB /* Product.cpp in Sources */ = {isa = PBXBuildFile; fileRef = D48A84EC1AF3102C00EAB5DB /* Product.cpp */; };
		D48A84F11AF3109700EAB5DB /* Dock.cpp in Sources */ = {isa = PBXBuildFile; fileRef = D48A84EF1AF3109700EAB5DB /* Dock.cpp */; };
		D48D7B861AEC32E800503E8A /* main.cpp in Sources */ = {isa = PBXBuildFile; fileRef = D48D7B851AEC32E800503E8A /* main.cpp */; };
/* End PBXBuildFile section */

/* Begin PBXCopyFilesBuildPhase section */
		D48D7B801AEC32E800503E8A /* CopyFiles */ = {
			isa = PBXCopyFilesBuildPhase;
			buildActionMask = 2147483647;
			dstPath = /usr/share/man/man1/;
			dstSubfolderSpec = 0;
			files = (
			);
			runOnlyForDeploymentPostprocessing = 1;
		};
/* End PBXCopyFilesBuildPhase section */

/* Begin PBXFileReference section */
		D48A84E91AF30FB100EAB5DB /* Container.cpp */ = {isa = PBXFileReference; fileEncoding = 4; lastKnownFileType = sourcecode.cpp.cpp; path = Container.cpp; sourceTree = "<group>"; };
		D48A84EA1AF30FB100EAB5DB /* Container.h */ = {isa = PBXFileReference; fileEncoding = 4; lastKnownFileType = sourcecode.c.h; path = Container.h; sourceTree = "<group>"; };
		D48A84EC1AF3102C00EAB5DB /* Product.cpp */ = {isa = PBXFileReference; fileEncoding = 4; lastKnownFileType = sourcecode.cpp.cpp; path = Product.cpp; sourceTree = "<group>"; };
		D48A84ED1AF3102C00EAB5DB /* Product.h */ = {isa = PBXFileReference; fileEncoding = 4; lastKnownFileType = sourcecode.c.h; path = Product.h; sourceTree = "<group>"; };
		D48A84EF1AF3109700EAB5DB /* Dock.cpp */ = {isa = PBXFileReference; fileEncoding = 4; lastKnownFileType = sourcecode.cpp.cpp; path = Dock.cpp; sourceTree = "<group>"; };
		D48A84F01AF3109700EAB5DB /* Dock.h */ = {isa = PBXFileReference; fileEncoding = 4; lastKnownFileType = sourcecode.c.h; path = Dock.h; sourceTree = "<group>"; };
		D48D7B821AEC32E800503E8A /* ejercicio01 */ = {isa = PBXFileReference; explicitFileType = "compiled.mach-o.executable"; includeInIndex = 0; path = ejercicio01; sourceTree = BUILT_PRODUCTS_DIR; };
		D48D7B851AEC32E800503E8A /* main.cpp */ = {isa = PBXFileReference; lastKnownFileType = sourcecode.cpp.cpp; path = main.cpp; sourceTree = "<group>"; };
/* End PBXFileReference section */

/* Begin PBXFrameworksBuildPhase section */
		D48D7B7F1AEC32E800503E8A /* Frameworks */ = {
			isa = PBXFrameworksBuildPhase;
			buildActionMask = 2147483647;
			files = (
			);
			runOnlyForDeploymentPostprocessing = 0;
		};
/* End PBXFrameworksBuildPhase section */

/* Begin PBXGroup section */
		D48D7B791AEC32E800503E8A = {
			isa = PBXGroup;
			children = (
				D48D7B841AEC32E800503E8A /* ejercicio01 */,
				D48D7B831AEC32E800503E8A /* Products */,
			);
			sourceTree = "<group>";
		};
		D48D7B831AEC32E800503E8A /* Products */ = {
			isa = PBXGroup;
			children = (
				D48D7B821AEC32E800503E8A /* ejercicio01 */,
			);
			name = Products;
			sourceTree = "<group>";
		};
		D48D7B841AEC32E800503E8A /* ejercicio01 */ = {
			isa = PBXGroup;
			children = (
				D48D7B851AEC32E800503E8A /* main.cpp */,
				D48A84E91AF30FB100EAB5DB /* Container.cpp */,
				D48A84EA1AF30FB100EAB5DB /* Container.h */,
				D48A84EC1AF3102C00EAB5DB /* Product.cpp */,
				D48A84ED1AF3102C00EAB5DB /* Product.h */,
				D48A84EF1AF3109700EAB5DB /* Dock.cpp */,
				D48A84F01AF3109700EAB5DB /* Dock.h */,
			);
			path = ejercicio01;
			sourceTree = "<group>";
		};
/* End PBXGroup section */

/* Begin PBXNativeTarget section */
		D48D7B811AEC32E800503E8A /* ejercicio01 */ = {
			isa = PBXNativeTarget;
			buildConfigurationList = D48D7B891AEC32E800503E8A /* Build configuration list for PBXNativeTarget "ejercicio01" */;
			buildPhases = (
				D48D7B7E1AEC32E800503E8A /* Sources */,
				D48D7B7F1AEC32E800503E8A /* Frameworks */,
				D48D7B801AEC32E800503E8A /* CopyFiles */,
			);
			buildRules = (
			);
			dependencies = (
			);
			name = ejercicio01;
			productName = ejercicio01;
			productReference = D48D7B821AEC32E800503E8A /* ejercicio01 */;
			productType = "com.apple.product-type.tool";
		};
/* End PBXNativeTarget section */

/* Begin PBXProject section */
		D48D7B7A1AEC32E800503E8A /* Project object */ = {
			isa = PBXProject;
			attributes = {
				LastUpgradeCheck = 0630;
				ORGANIZATIONNAME = "Gerardo Teruel";
				TargetAttributes = {
					D48D7B811AEC32E800503E8A = {
						CreatedOnToolsVersion = 6.3.1;
					};
				};
			};
			buildConfigurationList = D48D7B7D1AEC32E800503E8A /* Build configuration list for PBXProject "ejercicio01" */;
			compatibilityVersion = "Xcode 3.2";
			developmentRegion = English;
			hasScannedForEncodings = 0;
			knownRegions = (
				en,
			);
			mainGroup = D48D7B791AEC32E800503E8A;
			productRefGroup = D48D7B831AEC32E800503E8A /* Products */;
			projectDirPath = "";
			projectRoot = "";
			targets = (
				D48D7B811AEC32E800503E8A /* ejercicio01 */,
			);
		};
/* End PBXProject section */

/* Begin PBXSourcesBuildPhase section */
		D48D7B7E1AEC32E800503E8A /* Sources */ = {
			isa = PBXSourcesBuildPhase;
			buildActionMask = 2147483647;
			files = (
				D48D7B861AEC32E800503E8A /* main.cpp in Sources */,
				D48A84EE1AF3102C00EAB5DB /* Product.cpp in Sources */,
				D48A84F11AF3109700EAB5DB /* Dock.cpp in Sources */,
				D48A84EB1AF30FB100EAB5DB /* Container.cpp in Sources */,
			);
			runOnlyForDeploymentPostprocessing = 0;
		};
/* End PBXSourcesBuildPhase section */

/* Begin XCBuildConfiguration section */
		D48D7B871AEC32E800503E8A /* Debug */ = {
			isa = XCBuildConfiguration;
			buildSettings = {
				ALWAYS_SEARCH_USER_PATHS = NO;
				CLANG_CXX_LANGUAGE_STANDARD = "gnu++0x";
				CLANG_CXX_LIBRARY = "libc++";
				CLANG_ENABLE_MODULES = YES;
				CLANG_ENABLE_OBJC_ARC = YES;
				CLANG_WARN_BOOL_CONVERSION = YES;
				CLANG_WARN_CONSTANT_CONVERSION = YES;
				CLANG_WARN_DIRECT_OBJC_ISA_USAGE = YES_ERROR;
				CLANG_WARN_EMPTY_BODY = YES;
				CLANG_WARN_ENUM_CONVERSION = YES;
				CLANG_WARN_INT_CONVERSION = YES;
				CLANG_WARN_OBJC_ROOT_CLASS = YES_ERROR;
				CLANG_WARN_UNREACHABLE_CODE = YES;
				CLANG_WARN__DUPLICATE_METHOD_MATCH = YES;
				COPY_PHASE_STRIP = NO;
				DEBUG_INFORMATION_FORMAT = dwarf;
				ENABLE_STRICT_OBJC_MSGSEND = YES;
				GCC_C_LANGUAGE_STANDARD = gnu99;
				GCC_DYNAMIC_NO_PIC = NO;
				GCC_NO_COMMON_BLOCKS = YES;
				GCC_OPTIMIZATION_LEVEL = 0;
				GCC_PREPROCESSOR_DEFINITIONS = (
					"DEBUG=1",
					"$(inherited)",
				);
				GCC_SYMBOLS_PRIVATE_EXTERN = NO;
				GCC_WARN_64_TO_32_BIT_CONVERSION = YES;
				GCC_WARN_ABOUT_RETURN_TYPE = YES_ERROR;
				GCC_WARN_UNDECLARED_SELECTOR = YES;
				GCC_WARN_UNINITIALIZED_AUTOS = YES_AGGRESSIVE;
				GCC_WARN_UNUSED_FUNCTION = YES;
				GCC_WARN_UNUSED_VARIABLE = YES;
				MACOSX_DEPLOYMENT_TARGET = 10.10;
				MTL_ENABLE_DEBUG_INFO = YES;
				ONLY_ACTIVE_ARCH = YES;
				SDKROOT = macosx;
			};
			name = Debug;
		};
		D48D7B881AEC32E800503E8A /* Release */ = {
			isa = XCBuildConfiguration;
			buildSettings = {
				ALWAYS_SEARCH_USER_PATHS = NO;
				CLANG_CXX_LANGUAGE_STANDARD = "gnu++0x";
				CLANG_CXX_LIBRARY = "libc++";
				CLANG_ENABLE_MODULES = YES;
				CLANG_ENABLE_OBJC_ARC = YES;
				CLANG_WARN_BOOL_CONVERSION = YES;
				CLANG_WARN_CONSTANT_CONVERSION = YES;
				CLANG_WARN_DIRECT_OBJC_ISA_USAGE = YES_ERROR;
				CLANG_WARN_EMPTY_BODY = YES;
				CLANG_WARN_ENUM_CONVERSION = YES;
				CLANG_WARN_INT_CONVERSION = YES;
				CLANG_WARN_OBJC_ROOT_CLASS = YES_ERROR;
				CLANG_WARN_UNREACHABLE_CODE = YES;
				CLANG_WARN__DUPLICATE_METHOD_MATCH = YES;
				COPY_PHASE_STRIP = NO;
				DEBUG_INFORMATION_FORMAT = "dwarf-with-dsym";
				ENABLE_NS_ASSERTIONS = NO;
				ENABLE_STRICT_OBJC_MSGSEND = YES;
				GCC_C_LANGUAGE_STANDARD = gnu99;
				GCC_NO_COMMON_BLOCKS = YES;
				GCC_WARN_64_TO_32_BIT_CONVERSION = YES;
				GCC_WARN_ABOUT_RETURN_TYPE = YES_ERROR;
				GCC_WARN_UNDECLARED_SELECTOR = YES;
				GCC_WARN_UNINITIALIZED_AUTOS = YES_AGGRESSIVE;
				GCC_WARN_UNUSED_FUNCTION = YES;
				GCC_WARN_UNUSED_VARIABLE = YES;
				MACOSX_DEPLOYMENT_TARGET = 10.10;
				MTL_ENABLE_DEBUG_INFO = NO;
				SDKROOT = macosx;
			};
			name = Release;
		};
		D48D7B8A1AEC32E800503E8A /* Debug */ = {
			isa = XCBuildConfiguration;
			buildSettings = {
				PRODUCT_NAME = "$(TARGET_NAME)";
			};
			name = Debug;
		};
		D48D7B8B1AEC32E800503E8A /* Release */ = {
			isa = XCBuildConfiguration;
			buildSettings = {
				PRODUCT_NAME = "$(TARGET_NAME)";
			};
			name = Release;
		};
/* End XCBuildConfiguration section */

/* Begin XCConfigurationList section */
		D48D7B7D1AEC32E800503E8A /* Build configuration list for PBXProject "ejercicio01" */ = {
			isa = XCConfigurationList;
			buildConfigurations = (
				D48D7B871AEC32E800503E8A /* Debug */,
				D48D7B881AEC32E800503E8A /* Release */,
			);
			defaultConfigurationIsVisible = 0;
			defaultConfigurationName = Release;
		};
		D48D7B891AEC32E800503E8A /* Build configuration list for PBXNativeTarget "ejercicio01" */ = {
			isa = XCConfigurationList;
			buildConfigurations = (
				D48D7B8A1AEC32E800503E8A /* Debug */,
				D48D7B8B1AEC32E800503E8A /* Release */,
			);
			defaultConfigurationIsVisible = 0;
			defaultConfigurationName = Release;
		};
/* End XCConfigurationList section */
	};
	rootObject = D48D7B7A1AEC32E800503E8A /* Project object */;
}
