// !$*UTF8*$!
{
	archiveVersion = 1;
	classes = {
	};
	objectVersion = 46;
	objects = {

/* Begin PBXBuildFile section */
		D4CCC9311AB2212500B09FB3 /* main.cpp in Sources */ = {isa = PBXBuildFile; fileRef = D4CCC9301AB2212500B09FB3 /* main.cpp */; };
/* End PBXBuildFile section */

/* Begin PBXCopyFilesBuildPhase section */
		D4CCC92B1AB2212500B09FB3 /* CopyFiles */ = {
			isa = PBXCopyFilesBuildPhase;
			buildActionMask = 2147483647;
			dstPath = /usr/share/man/man1/;
			dstSubfolderSpec = 0;
			files = (
			);
			runOnlyForDeploymentPostprocessing = 1;
		};
/* End PBXCopyFilesBuildPhase section */

/* Begin PBXFileReference section */
		D4CCC92D1AB2212500B09FB3 /* DoublyLinkedList */ = {isa = PBXFileReference; explicitFileType = "compiled.mach-o.executable"; includeInIndex = 0; path = DoublyLinkedList; sourceTree = BUILT_PRODUCTS_DIR; };
		D4CCC9301AB2212500B09FB3 /* main.cpp */ = {isa = PBXFileReference; lastKnownFileType = sourcecode.cpp.cpp; path = main.cpp; sourceTree = "<group>"; };
		D4CCC9371AB221D400B09FB3 /* Node.h */ = {isa = PBXFileReference; lastKnownFileType = sourcecode.c.h; path = Node.h; sourceTree = "<group>"; };
		D4CCC9381AB221D400B09FB3 /* LinkedList.h */ = {isa = PBXFileReference; lastKnownFileType = sourcecode.c.h; path = LinkedList.h; sourceTree = "<group>"; };
		D4CCC9391AB221F000B09FB3 /* CircularLinkedList.h */ = {isa = PBXFileReference; lastKnownFileType = sourcecode.c.h; path = CircularLinkedList.h; sourceTree = "<group>"; };
		D4CCC93A1AB221FB00B09FB3 /* DoublyLinkedList.h */ = {isa = PBXFileReference; lastKnownFileType = sourcecode.c.h; path = DoublyLinkedList.h; sourceTree = "<group>"; };
/* End PBXFileReference section */

/* Begin PBXFrameworksBuildPhase section */
		D4CCC92A1AB2212500B09FB3 /* Frameworks */ = {
			isa = PBXFrameworksBuildPhase;
			buildActionMask = 2147483647;
			files = (
			);
			runOnlyForDeploymentPostprocessing = 0;
		};
/* End PBXFrameworksBuildPhase section */

/* Begin PBXGroup section */
		D4CCC9241AB2212400B09FB3 = {
			isa = PBXGroup;
			children = (
				D4CCC92F1AB2212500B09FB3 /* DoublyLinkedList */,
				D4CCC92E1AB2212500B09FB3 /* Products */,
			);
			sourceTree = "<group>";
		};
		D4CCC92E1AB2212500B09FB3 /* Products */ = {
			isa = PBXGroup;
			children = (
				D4CCC92D1AB2212500B09FB3 /* DoublyLinkedList */,
			);
			name = Products;
			sourceTree = "<group>";
		};
		D4CCC92F1AB2212500B09FB3 /* DoublyLinkedList */ = {
			isa = PBXGroup;
			children = (
				D4CCC9301AB2212500B09FB3 /* main.cpp */,
				D4CCC9371AB221D400B09FB3 /* Node.h */,
				D4CCC9381AB221D400B09FB3 /* LinkedList.h */,
				D4CCC9391AB221F000B09FB3 /* CircularLinkedList.h */,
				D4CCC93A1AB221FB00B09FB3 /* DoublyLinkedList.h */,
			);
			path = DoublyLinkedList;
			sourceTree = "<group>";
		};
/* End PBXGroup section */

/* Begin PBXNativeTarget section */
		D4CCC92C1AB2212500B09FB3 /* DoublyLinkedList */ = {
			isa = PBXNativeTarget;
			buildConfigurationList = D4CCC9341AB2212500B09FB3 /* Build configuration list for PBXNativeTarget "DoublyLinkedList" */;
			buildPhases = (
				D4CCC9291AB2212500B09FB3 /* Sources */,
				D4CCC92A1AB2212500B09FB3 /* Frameworks */,
				D4CCC92B1AB2212500B09FB3 /* CopyFiles */,
			);
			buildRules = (
			);
			dependencies = (
			);
			name = DoublyLinkedList;
			productName = DoublyLinkedList;
			productReference = D4CCC92D1AB2212500B09FB3 /* DoublyLinkedList */;
			productType = "com.apple.product-type.tool";
		};
/* End PBXNativeTarget section */

/* Begin PBXProject section */
		D4CCC9251AB2212400B09FB3 /* Project object */ = {
			isa = PBXProject;
			attributes = {
				LastUpgradeCheck = 0610;
				ORGANIZATIONNAME = "Gerardo Teruel";
				TargetAttributes = {
					D4CCC92C1AB2212500B09FB3 = {
						CreatedOnToolsVersion = 6.1.1;
					};
				};
			};
			buildConfigurationList = D4CCC9281AB2212400B09FB3 /* Build configuration list for PBXProject "DoublyLinkedList" */;
			compatibilityVersion = "Xcode 3.2";
			developmentRegion = English;
			hasScannedForEncodings = 0;
			knownRegions = (
				en,
			);
			mainGroup = D4CCC9241AB2212400B09FB3;
			productRefGroup = D4CCC92E1AB2212500B09FB3 /* Products */;
			projectDirPath = "";
			projectRoot = "";
			targets = (
				D4CCC92C1AB2212500B09FB3 /* DoublyLinkedList */,
			);
		};
/* End PBXProject section */

/* Begin PBXSourcesBuildPhase section */
		D4CCC9291AB2212500B09FB3 /* Sources */ = {
			isa = PBXSourcesBuildPhase;
			buildActionMask = 2147483647;
			files = (
				D4CCC9311AB2212500B09FB3 /* main.cpp in Sources */,
			);
			runOnlyForDeploymentPostprocessing = 0;
		};
/* End PBXSourcesBuildPhase section */

/* Begin XCBuildConfiguration section */
		D4CCC9321AB2212500B09FB3 /* Debug */ = {
			isa = XCBuildConfiguration;
			buildSettings = {
				ALWAYS_SEARCH_USER_PATHS = NO;
				CLANG_CXX_LANGUAGE_STANDARD = "gnu++0x";
				CLANG_CXX_LIBRARY = "libc++";
				CLANG_ENABLE_MODULES = YES;
				CLANG_ENABLE_OBJC_ARC = YES;
				CLANG_WARN_BOOL_CONVERSION = YES;
				CLANG_WARN_CONSTANT_CONVERSION = YES;
				CLANG_WARN_DIRECT_OBJC_ISA_USAGE = YES_ERROR;
				CLANG_WARN_EMPTY_BODY = YES;
				CLANG_WARN_ENUM_CONVERSION = YES;
				CLANG_WARN_INT_CONVERSION = YES;
				CLANG_WARN_OBJC_ROOT_CLASS = YES_ERROR;
				CLANG_WARN_UNREACHABLE_CODE = YES;
				CLANG_WARN__DUPLICATE_METHOD_MATCH = YES;
				COPY_PHASE_STRIP = NO;
				ENABLE_STRICT_OBJC_MSGSEND = YES;
				GCC_C_LANGUAGE_STANDARD = gnu99;
				GCC_DYNAMIC_NO_PIC = NO;
				GCC_OPTIMIZATION_LEVEL = 0;
				GCC_PREPROCESSOR_DEFINITIONS = (
					"DEBUG=1",
					"$(inherited)",
				);
				GCC_SYMBOLS_PRIVATE_EXTERN = NO;
				GCC_WARN_64_TO_32_BIT_CONVERSION = YES;
				GCC_WARN_ABOUT_RETURN_TYPE = YES_ERROR;
				GCC_WARN_UNDECLARED_SELECTOR = YES;
				GCC_WARN_UNINITIALIZED_AUTOS = YES_AGGRESSIVE;
				GCC_WARN_UNUSED_FUNCTION = YES;
				GCC_WARN_UNUSED_VARIABLE = YES;
				MACOSX_DEPLOYMENT_TARGET = 10.10;
				MTL_ENABLE_DEBUG_INFO = YES;
				ONLY_ACTIVE_ARCH = YES;
				SDKROOT = macosx;
			};
			name = Debug;
		};
		D4CCC9331AB2212500B09FB3 /* Release */ = {
			isa = XCBuildConfiguration;
			buildSettings = {
				ALWAYS_SEARCH_USER_PATHS = NO;
				CLANG_CXX_LANGUAGE_STANDARD = "gnu++0x";
				CLANG_CXX_LIBRARY = "libc++";
				CLANG_ENABLE_MODULES = YES;
				CLANG_ENABLE_OBJC_ARC = YES;
				CLANG_WARN_BOOL_CONVERSION = YES;
				CLANG_WARN_CONSTANT_CONVERSION = YES;
				CLANG_WARN_DIRECT_OBJC_ISA_USAGE = YES_ERROR;
				CLANG_WARN_EMPTY_BODY = YES;
				CLANG_WARN_ENUM_CONVERSION = YES;
				CLANG_WARN_INT_CONVERSION = YES;
				CLANG_WARN_OBJC_ROOT_CLASS = YES_ERROR;
				CLANG_WARN_UNREACHABLE_CODE = YES;
				CLANG_WARN__DUPLICATE_METHOD_MATCH = YES;
				COPY_PHASE_STRIP = YES;
				DEBUG_INFORMATION_FORMAT = "dwarf-with-dsym";
				ENABLE_NS_ASSERTIONS = NO;
				ENABLE_STRICT_OBJC_MSGSEND = YES;
				GCC_C_LANGUAGE_STANDARD = gnu99;
				GCC_WARN_64_TO_32_BIT_CONVERSION = YES;
				GCC_WARN_ABOUT_RETURN_TYPE = YES_ERROR;
				GCC_WARN_UNDECLARED_SELECTOR = YES;
				GCC_WARN_UNINITIALIZED_AUTOS = YES_AGGRESSIVE;
				GCC_WARN_UNUSED_FUNCTION = YES;
				GCC_WARN_UNUSED_VARIABLE = YES;
				MACOSX_DEPLOYMENT_TARGET = 10.10;
				MTL_ENABLE_DEBUG_INFO = NO;
				SDKROOT = macosx;
			};
			name = Release;
		};
		D4CCC9351AB2212500B09FB3 /* Debug */ = {
			isa = XCBuildConfiguration;
			buildSettings = {
				PRODUCT_NAME = "$(TARGET_NAME)";
			};
			name = Debug;
		};
		D4CCC9361AB2212500B09FB3 /* Release */ = {
			isa = XCBuildConfiguration;
			buildSettings = {
				PRODUCT_NAME = "$(TARGET_NAME)";
			};
			name = Release;
		};
/* End XCBuildConfiguration section */

/* Begin XCConfigurationList section */
		D4CCC9281AB2212400B09FB3 /* Build configuration list for PBXProject "DoublyLinkedList" */ = {
			isa = XCConfigurationList;
			buildConfigurations = (
				D4CCC9321AB2212500B09FB3 /* Debug */,
				D4CCC9331AB2212500B09FB3 /* Release */,
			);
			defaultConfigurationIsVisible = 0;
			defaultConfigurationName = Release;
		};
		D4CCC9341AB2212500B09FB3 /* Build configuration list for PBXNativeTarget "DoublyLinkedList" */ = {
			isa = XCConfigurationList;
			buildConfigurations = (
				D4CCC9351AB2212500B09FB3 /* Debug */,
				D4CCC9361AB2212500B09FB3 /* Release */,
			);
			defaultConfigurationIsVisible = 0;
		};
/* End XCConfigurationList section */
	};
	rootObject = D4CCC9251AB2212400B09FB3 /* Project object */;
}
