// !$*UTF8*$!
{
	archiveVersion = 1;
	classes = {
	};
	objectVersion = 46;
	objects = {

/* Begin PBXBuildFile section */
		D47BBD2F1B0268D500533BEC /* main.cpp in Sources */ = {isa = PBXBuildFile; fileRef = D47BBD2E1B0268D500533BEC /* main.cpp */; };
/* End PBXBuildFile section */

/* Begin PBXCopyFilesBuildPhase section */
		D47BBD291B0268D500533BEC /* CopyFiles */ = {
			isa = PBXCopyFilesBuildPhase;
			buildActionMask = 2147483647;
			dstPath = /usr/share/man/man1/;
			dstSubfolderSpec = 0;
			files = (
			);
			runOnlyForDeploymentPostprocessing = 1;
		};
/* End PBXCopyFilesBuildPhase section */

/* Begin PBXFileReference section */
		D47BBD2B1B0268D500533BEC /* Ejercicio01 */ = {isa = PBXFileReference; explicitFileType = "compiled.mach-o.executable"; includeInIndex = 0; path = Ejercicio01; sourceTree = BUILT_PRODUCTS_DIR; };
		D47BBD2E1B0268D500533BEC /* main.cpp */ = {isa = PBXFileReference; lastKnownFileType = sourcecode.cpp.cpp; path = main.cpp; sourceTree = "<group>"; };
		D47BBD351B0269C900533BEC /* Vertex.h */ = {isa = PBXFileReference; lastKnownFileType = sourcecode.c.h; name = Vertex.h; path = ../../../../tc1018/Tema_7_Estructuras_no_lineales/Graph/Graph/Vertex.h; sourceTree = "<group>"; };
		D47BBD361B0269C900533BEC /* Edge.h */ = {isa = PBXFileReference; lastKnownFileType = sourcecode.c.h; name = Edge.h; path = ../../../../tc1018/Tema_7_Estructuras_no_lineales/Graph/Graph/Edge.h; sourceTree = "<group>"; };
		D47BBD371B0269C900533BEC /* Graph.h */ = {isa = PBXFileReference; lastKnownFileType = sourcecode.c.h; name = Graph.h; path = ../../../../tc1018/Tema_7_Estructuras_no_lineales/Graph/Graph/Graph.h; sourceTree = "<group>"; };
/* End PBXFileReference section */

/* Begin PBXFrameworksBuildPhase section */
		D47BBD281B0268D500533BEC /* Frameworks */ = {
			isa = PBXFrameworksBuildPhase;
			buildActionMask = 2147483647;
			files = (
			);
			runOnlyForDeploymentPostprocessing = 0;
		};
/* End PBXFrameworksBuildPhase section */

/* Begin PBXGroup section */
		D47BBD221B0268D500533BEC = {
			isa = PBXGroup;
			children = (
				D47BBD2D1B0268D500533BEC /* Ejercicio01 */,
				D47BBD2C1B0268D500533BEC /* Products */,
			);
			sourceTree = "<group>";
		};
		D47BBD2C1B0268D500533BEC /* Products */ = {
			isa = PBXGroup;
			children = (
				D47BBD2B1B0268D500533BEC /* Ejercicio01 */,
			);
			name = Products;
			sourceTree = "<group>";
		};
		D47BBD2D1B0268D500533BEC /* Ejercicio01 */ = {
			isa = PBXGroup;
			children = (
				D47BBD2E1B0268D500533BEC /* main.cpp */,
				D47BBD351B0269C900533BEC /* Vertex.h */,
				D47BBD361B0269C900533BEC /* Edge.h */,
				D47BBD371B0269C900533BEC /* Graph.h */,
			);
			path = Ejercicio01;
			sourceTree = "<group>";
		};
/* End PBXGroup section */

/* Begin PBXNativeTarget section */
		D47BBD2A1B0268D500533BEC /* Ejercicio01 */ = {
			isa = PBXNativeTarget;
			buildConfigurationList = D47BBD321B0268D500533BEC /* Build configuration list for PBXNativeTarget "Ejercicio01" */;
			buildPhases = (
				D47BBD271B0268D500533BEC /* Sources */,
				D47BBD281B0268D500533BEC /* Frameworks */,
				D47BBD291B0268D500533BEC /* CopyFiles */,
			);
			buildRules = (
			);
			dependencies = (
			);
			name = Ejercicio01;
			productName = Ejercicio01;
			productReference = D47BBD2B1B0268D500533BEC /* Ejercicio01 */;
			productType = "com.apple.product-type.tool";
		};
/* End PBXNativeTarget section */

/* Begin PBXProject section */
		D47BBD231B0268D500533BEC /* Project object */ = {
			isa = PBXProject;
			attributes = {
				LastUpgradeCheck = 0630;
				ORGANIZATIONNAME = "Gerardo Teruel";
				TargetAttributes = {
					D47BBD2A1B0268D500533BEC = {
						CreatedOnToolsVersion = 6.3;
					};
				};
			};
			buildConfigurationList = D47BBD261B0268D500533BEC /* Build configuration list for PBXProject "Ejercicio01" */;
			compatibilityVersion = "Xcode 3.2";
			developmentRegion = English;
			hasScannedForEncodings = 0;
			knownRegions = (
				en,
			);
			mainGroup = D47BBD221B0268D500533BEC;
			productRefGroup = D47BBD2C1B0268D500533BEC /* Products */;
			projectDirPath = "";
			projectRoot = "";
			targets = (
				D47BBD2A1B0268D500533BEC /* Ejercicio01 */,
			);
		};
/* End PBXProject section */

/* Begin PBXSourcesBuildPhase section */
		D47BBD271B0268D500533BEC /* Sources */ = {
			isa = PBXSourcesBuildPhase;
			buildActionMask = 2147483647;
			files = (
				D47BBD2F1B0268D500533BEC /* main.cpp in Sources */,
			);
			runOnlyForDeploymentPostprocessing = 0;
		};
/* End PBXSourcesBuildPhase section */

/* Begin XCBuildConfiguration section */
		D47BBD301B0268D500533BEC /* Debug */ = {
			isa = XCBuildConfiguration;
			buildSettings = {
				ALWAYS_SEARCH_USER_PATHS = NO;
				CLANG_CXX_LANGUAGE_STANDARD = "gnu++0x";
				CLANG_CXX_LIBRARY = "libc++";
				CLANG_ENABLE_MODULES = YES;
				CLANG_ENABLE_OBJC_ARC = YES;
				CLANG_WARN_BOOL_CONVERSION = YES;
				CLANG_WARN_CONSTANT_CONVERSION = YES;
				CLANG_WARN_DIRECT_OBJC_ISA_USAGE = YES_ERROR;
				CLANG_WARN_EMPTY_BODY = YES;
				CLANG_WARN_ENUM_CONVERSION = YES;
				CLANG_WARN_INT_CONVERSION = YES;
				CLANG_WARN_OBJC_ROOT_CLASS = YES_ERROR;
				CLANG_WARN_UNREACHABLE_CODE = YES;
				CLANG_WARN__DUPLICATE_METHOD_MATCH = YES;
				COPY_PHASE_STRIP = NO;
				DEBUG_INFORMATION_FORMAT = dwarf;
				ENABLE_STRICT_OBJC_MSGSEND = YES;
				GCC_C_LANGUAGE_STANDARD = gnu99;
				GCC_DYNAMIC_NO_PIC = NO;
				GCC_NO_COMMON_BLOCKS = YES;
				GCC_OPTIMIZATION_LEVEL = 0;
				GCC_PREPROCESSOR_DEFINITIONS = (
					"DEBUG=1",
					"$(inherited)",
				);
				GCC_SYMBOLS_PRIVATE_EXTERN = NO;
				GCC_WARN_64_TO_32_BIT_CONVERSION = YES;
				GCC_WARN_ABOUT_RETURN_TYPE = YES_ERROR;
				GCC_WARN_UNDECLARED_SELECTOR = YES;
				GCC_WARN_UNINITIALIZED_AUTOS = YES_AGGRESSIVE;
				GCC_WARN_UNUSED_FUNCTION = YES;
				GCC_WARN_UNUSED_VARIABLE = YES;
				MACOSX_DEPLOYMENT_TARGET = 10.10;
				MTL_ENABLE_DEBUG_INFO = YES;
				ONLY_ACTIVE_ARCH = YES;
				SDKROOT = macosx;
			};
			name = Debug;
		};
		D47BBD311B0268D500533BEC /* Release */ = {
			isa = XCBuildConfiguration;
			buildSettings = {
				ALWAYS_SEARCH_USER_PATHS = NO;
				CLANG_CXX_LANGUAGE_STANDARD = "gnu++0x";
				CLANG_CXX_LIBRARY = "libc++";
				CLANG_ENABLE_MODULES = YES;
				CLANG_ENABLE_OBJC_ARC = YES;
				CLANG_WARN_BOOL_CONVERSION = YES;
				CLANG_WARN_CONSTANT_CONVERSION = YES;
				CLANG_WARN_DIRECT_OBJC_ISA_USAGE = YES_ERROR;
				CLANG_WARN_EMPTY_BODY = YES;
				CLANG_WARN_ENUM_CONVERSION = YES;
				CLANG_WARN_INT_CONVERSION = YES;
				CLANG_WARN_OBJC_ROOT_CLASS = YES_ERROR;
				CLANG_WARN_UNREACHABLE_CODE = YES;
				CLANG_WARN__DUPLICATE_METHOD_MATCH = YES;
				COPY_PHASE_STRIP = NO;
				DEBUG_INFORMATION_FORMAT = "dwarf-with-dsym";
				ENABLE_NS_ASSERTIONS = NO;
				ENABLE_STRICT_OBJC_MSGSEND = YES;
				GCC_C_LANGUAGE_STANDARD = gnu99;
				GCC_NO_COMMON_BLOCKS = YES;
				GCC_WARN_64_TO_32_BIT_CONVERSION = YES;
				GCC_WARN_ABOUT_RETURN_TYPE = YES_ERROR;
				GCC_WARN_UNDECLARED_SELECTOR = YES;
				GCC_WARN_UNINITIALIZED_AUTOS = YES_AGGRESSIVE;
				GCC_WARN_UNUSED_FUNCTION = YES;
				GCC_WARN_UNUSED_VARIABLE = YES;
				MACOSX_DEPLOYMENT_TARGET = 10.10;
				MTL_ENABLE_DEBUG_INFO = NO;
				SDKROOT = macosx;
			};
			name = Release;
		};
		D47BBD331B0268D500533BEC /* Debug */ = {
			isa = XCBuildConfiguration;
			buildSettings = {
				PRODUCT_NAME = "$(TARGET_NAME)";
			};
			name = Debug;
		};
		D47BBD341B0268D500533BEC /* Release */ = {
			isa = XCBuildConfiguration;
			buildSettings = {
				PRODUCT_NAME = "$(TARGET_NAME)";
			};
			name = Release;
		};
/* End XCBuildConfiguration section */

/* Begin XCConfigurationList section */
		D47BBD261B0268D500533BEC /* Build configuration list for PBXProject "Ejercicio01" */ = {
			isa = XCConfigurationList;
			buildConfigurations = (
				D47BBD301B0268D500533BEC /* Debug */,
				D47BBD311B0268D500533BEC /* Release */,
			);
			defaultConfigurationIsVisible = 0;
			defaultConfigurationName = Release;
		};
		D47BBD321B0268D500533BEC /* Build configuration list for PBXNativeTarget "Ejercicio01" */ = {
			isa = XCConfigurationList;
			buildConfigurations = (
				D47BBD331B0268D500533BEC /* Debug */,
				D47BBD341B0268D500533BEC /* Release */,
			);
			defaultConfigurationIsVisible = 0;
		};
/* End XCConfigurationList section */
	};
	rootObject = D47BBD231B0268D500533BEC /* Project object */;
}
