// !$*UTF8*$!
{
	archiveVersion = 1;
	classes = {
	};
	objectVersion = 46;
	objects = {

/* Begin PBXBuildFile section */
		D4E5A05E1ADC40DC00B93403 /* main.cpp in Sources */ = {isa = PBXBuildFile; fileRef = D4E5A05D1ADC40DC00B93403 /* main.cpp */; };
/* End PBXBuildFile section */

/* Begin PBXCopyFilesBuildPhase section */
		D4E5A0581ADC40DC00B93403 /* CopyFiles */ = {
			isa = PBXCopyFilesBuildPhase;
			buildActionMask = 2147483647;
			dstPath = /usr/share/man/man1/;
			dstSubfolderSpec = 0;
			files = (
			);
			runOnlyForDeploymentPostprocessing = 1;
		};
/* End PBXCopyFilesBuildPhase section */

/* Begin PBXFileReference section */
		D4E5A05A1ADC40DC00B93403 /* BinaryTreeModified */ = {isa = PBXFileReference; explicitFileType = "compiled.mach-o.executable"; includeInIndex = 0; path = BinaryTreeModified; sourceTree = BUILT_PRODUCTS_DIR; };
		D4E5A05D1ADC40DC00B93403 /* main.cpp */ = {isa = PBXFileReference; lastKnownFileType = sourcecode.cpp.cpp; path = main.cpp; sourceTree = "<group>"; };
/* End PBXFileReference section */

/* Begin PBXFrameworksBuildPhase section */
		D4E5A0571ADC40DC00B93403 /* Frameworks */ = {
			isa = PBXFrameworksBuildPhase;
			buildActionMask = 2147483647;
			files = (
			);
			runOnlyForDeploymentPostprocessing = 0;
		};
/* End PBXFrameworksBuildPhase section */

/* Begin PBXGroup section */
		D4E5A0511ADC40DC00B93403 = {
			isa = PBXGroup;
			children = (
				D4E5A05C1ADC40DC00B93403 /* BinaryTreeModified */,
				D4E5A05B1ADC40DC00B93403 /* Products */,
			);
			sourceTree = "<group>";
		};
		D4E5A05B1ADC40DC00B93403 /* Products */ = {
			isa = PBXGroup;
			children = (
				D4E5A05A1ADC40DC00B93403 /* BinaryTreeModified */,
			);
			name = Products;
			sourceTree = "<group>";
		};
		D4E5A05C1ADC40DC00B93403 /* BinaryTreeModified */ = {
			isa = PBXGroup;
			children = (
				D4E5A05D1ADC40DC00B93403 /* main.cpp */,
			);
			path = BinaryTreeModified;
			sourceTree = "<group>";
		};
/* End PBXGroup section */

/* Begin PBXNativeTarget section */
		D4E5A0591ADC40DC00B93403 /* BinaryTreeModified */ = {
			isa = PBXNativeTarget;
			buildConfigurationList = D4E5A0611ADC40DC00B93403 /* Build configuration list for PBXNativeTarget "BinaryTreeModified" */;
			buildPhases = (
				D4E5A0561ADC40DC00B93403 /* Sources */,
				D4E5A0571ADC40DC00B93403 /* Frameworks */,
				D4E5A0581ADC40DC00B93403 /* CopyFiles */,
			);
			buildRules = (
			);
			dependencies = (
			);
			name = BinaryTreeModified;
			productName = BinaryTreeModified;
			productReference = D4E5A05A1ADC40DC00B93403 /* BinaryTreeModified */;
			productType = "com.apple.product-type.tool";
		};
/* End PBXNativeTarget section */

/* Begin PBXProject section */
		D4E5A0521ADC40DC00B93403 /* Project object */ = {
			isa = PBXProject;
			attributes = {
				LastUpgradeCheck = 0630;
				ORGANIZATIONNAME = "Gerardo Teruel";
				TargetAttributes = {
					D4E5A0591ADC40DC00B93403 = {
						CreatedOnToolsVersion = 6.3;
					};
				};
			};
			buildConfigurationList = D4E5A0551ADC40DC00B93403 /* Build configuration list for PBXProject "BinaryTreeModified" */;
			compatibilityVersion = "Xcode 3.2";
			developmentRegion = English;
			hasScannedForEncodings = 0;
			knownRegions = (
				en,
			);
			mainGroup = D4E5A0511ADC40DC00B93403;
			productRefGroup = D4E5A05B1ADC40DC00B93403 /* Products */;
			projectDirPath = "";
			projectRoot = "";
			targets = (
				D4E5A0591ADC40DC00B93403 /* BinaryTreeModified */,
			);
		};
/* End PBXProject section */

/* Begin PBXSourcesBuildPhase section */
		D4E5A0561ADC40DC00B93403 /* Sources */ = {
			isa = PBXSourcesBuildPhase;
			buildActionMask = 2147483647;
			files = (
				D4E5A05E1ADC40DC00B93403 /* main.cpp in Sources */,
			);
			runOnlyForDeploymentPostprocessing = 0;
		};
/* End PBXSourcesBuildPhase section */

/* Begin XCBuildConfiguration section */
		D4E5A05F1ADC40DC00B93403 /* Debug */ = {
			isa = XCBuildConfiguration;
			buildSettings = {
				ALWAYS_SEARCH_USER_PATHS = NO;
				CLANG_CXX_LANGUAGE_STANDARD = "gnu++0x";
				CLANG_CXX_LIBRARY = "libc++";
				CLANG_ENABLE_MODULES = YES;
				CLANG_ENABLE_OBJC_ARC = YES;
				CLANG_WARN_BOOL_CONVERSION = YES;
				CLANG_WARN_CONSTANT_CONVERSION = YES;
				CLANG_WARN_DIRECT_OBJC_ISA_USAGE = YES_ERROR;
				CLANG_WARN_EMPTY_BODY = YES;
				CLANG_WARN_ENUM_CONVERSION = YES;
				CLANG_WARN_INT_CONVERSION = YES;
				CLANG_WARN_OBJC_ROOT_CLASS = YES_ERROR;
				CLANG_WARN_UNREACHABLE_CODE = YES;
				CLANG_WARN__DUPLICATE_METHOD_MATCH = YES;
				COPY_PHASE_STRIP = NO;
				DEBUG_INFORMATION_FORMAT = dwarf;
				ENABLE_STRICT_OBJC_MSGSEND = YES;
				GCC_C_LANGUAGE_STANDARD = gnu99;
				GCC_DYNAMIC_NO_PIC = NO;
				GCC_NO_COMMON_BLOCKS = YES;
				GCC_OPTIMIZATION_LEVEL = 0;
				GCC_PREPROCESSOR_DEFINITIONS = (
					"DEBUG=1",
					"$(inherited)",
				);
				GCC_SYMBOLS_PRIVATE_EXTERN = NO;
				GCC_WARN_64_TO_32_BIT_CONVERSION = YES;
				GCC_WARN_ABOUT_RETURN_TYPE = YES_ERROR;
				GCC_WARN_UNDECLARED_SELECTOR = YES;
				GCC_WARN_UNINITIALIZED_AUTOS = YES_AGGRESSIVE;
				GCC_WARN_UNUSED_FUNCTION = YES;
				GCC_WARN_UNUSED_VARIABLE = YES;
				MACOSX_DEPLOYMENT_TARGET = 10.10;
				MTL_ENABLE_DEBUG_INFO = YES;
				ONLY_ACTIVE_ARCH = YES;
				SDKROOT = macosx;
			};
			name = Debug;
		};
		D4E5A0601ADC40DC00B93403 /* Release */ = {
			isa = XCBuildConfiguration;
			buildSettings = {
				ALWAYS_SEARCH_USER_PATHS = NO;
				CLANG_CXX_LANGUAGE_STANDARD = "gnu++0x";
				CLANG_CXX_LIBRARY = "libc++";
				CLANG_ENABLE_MODULES = YES;
				CLANG_ENABLE_OBJC_ARC = YES;
				CLANG_WARN_BOOL_CONVERSION = YES;
				CLANG_WARN_CONSTANT_CONVERSION = YES;
				CLANG_WARN_DIRECT_OBJC_ISA_USAGE = YES_ERROR;
				CLANG_WARN_EMPTY_BODY = YES;
				CLANG_WARN_ENUM_CONVERSION = YES;
				CLANG_WARN_INT_CONVERSION = YES;
				CLANG_WARN_OBJC_ROOT_CLASS = YES_ERROR;
				CLANG_WARN_UNREACHABLE_CODE = YES;
				CLANG_WARN__DUPLICATE_METHOD_MATCH = YES;
				COPY_PHASE_STRIP = NO;
				DEBUG_INFORMATION_FORMAT = "dwarf-with-dsym";
				ENABLE_NS_ASSERTIONS = NO;
				ENABLE_STRICT_OBJC_MSGSEND = YES;
				GCC_C_LANGUAGE_STANDARD = gnu99;
				GCC_NO_COMMON_BLOCKS = YES;
				GCC_WARN_64_TO_32_BIT_CONVERSION = YES;
				GCC_WARN_ABOUT_RETURN_TYPE = YES_ERROR;
				GCC_WARN_UNDECLARED_SELECTOR = YES;
				GCC_WARN_UNINITIALIZED_AUTOS = YES_AGGRESSIVE;
				GCC_WARN_UNUSED_FUNCTION = YES;
				GCC_WARN_UNUSED_VARIABLE = YES;
				MACOSX_DEPLOYMENT_TARGET = 10.10;
				MTL_ENABLE_DEBUG_INFO = NO;
				SDKROOT = macosx;
			};
			name = Release;
		};
		D4E5A0621ADC40DC00B93403 /* Debug */ = {
			isa = XCBuildConfiguration;
			buildSettings = {
				PRODUCT_NAME = "$(TARGET_NAME)";
			};
			name = Debug;
		};
		D4E5A0631ADC40DC00B93403 /* Release */ = {
			isa = XCBuildConfiguration;
			buildSettings = {
				PRODUCT_NAME = "$(TARGET_NAME)";
			};
			name = Release;
		};
/* End XCBuildConfiguration section */

/* Begin XCConfigurationList section */
		D4E5A0551ADC40DC00B93403 /* Build configuration list for PBXProject "BinaryTreeModified" */ = {
			isa = XCConfigurationList;
			buildConfigurations = (
				D4E5A05F1ADC40DC00B93403 /* Debug */,
				D4E5A0601ADC40DC00B93403 /* Release */,
			);
			defaultConfigurationIsVisible = 0;
			defaultConfigurationName = Release;
		};
		D4E5A0611ADC40DC00B93403 /* Build configuration list for PBXNativeTarget "BinaryTreeModified" */ = {
			isa = XCConfigurationList;
			buildConfigurations = (
				D4E5A0621ADC40DC00B93403 /* Debug */,
				D4E5A0631ADC40DC00B93403 /* Release */,
			);
			defaultConfigurationIsVisible = 0;
		};
/* End XCConfigurationList section */
	};
	rootObject = D4E5A0521ADC40DC00B93403 /* Project object */;
}
