// !$*UTF8*$!
{
	archiveVersion = 1;
	classes = {
	};
	objectVersion = 46;
	objects = {

/* Begin PBXBuildFile section */
		D4BCF2761AD6D13300C5F89A /* main.cpp in Sources */ = {isa = PBXBuildFile; fileRef = D4BCF2751AD6D13300C5F89A /* main.cpp */; };
/* End PBXBuildFile section */

/* Begin PBXCopyFilesBuildPhase section */
		D4BCF2701AD6D13300C5F89A /* CopyFiles */ = {
			isa = PBXCopyFilesBuildPhase;
			buildActionMask = 2147483647;
			dstPath = /usr/share/man/man1/;
			dstSubfolderSpec = 0;
			files = (
			);
			runOnlyForDeploymentPostprocessing = 1;
		};
/* End PBXCopyFilesBuildPhase section */

/* Begin PBXFileReference section */
		D4BCF2721AD6D13300C5F89A /* InfixToPreAndPostFix */ = {isa = PBXFileReference; explicitFileType = "compiled.mach-o.executable"; includeInIndex = 0; path = InfixToPreAndPostFix; sourceTree = BUILT_PRODUCTS_DIR; };
		D4BCF2751AD6D13300C5F89A /* main.cpp */ = {isa = PBXFileReference; lastKnownFileType = sourcecode.cpp.cpp; path = main.cpp; sourceTree = "<group>"; };
		D4BCF27C1AD6D26800C5F89A /* Node.h */ = {isa = PBXFileReference; lastKnownFileType = sourcecode.c.h; path = Node.h; sourceTree = "<group>"; };
		D4BCF27D1AD6D26800C5F89A /* LinkedList.h */ = {isa = PBXFileReference; lastKnownFileType = sourcecode.c.h; path = LinkedList.h; sourceTree = "<group>"; };
		D4BCF27E1AD6D26800C5F89A /* Stack.h */ = {isa = PBXFileReference; lastKnownFileType = sourcecode.c.h; path = Stack.h; sourceTree = "<group>"; };
		D4BCF2801AD6D75000C5F89A /* GenericSearch.h */ = {isa = PBXFileReference; lastKnownFileType = sourcecode.c.h; path = GenericSearch.h; sourceTree = "<group>"; };
		D4BCF2811AD6DF1D00C5F89A /* CircularLinkedList.h */ = {isa = PBXFileReference; lastKnownFileType = sourcecode.c.h; path = CircularLinkedList.h; sourceTree = "<group>"; };
		D4BCF2821AD6DF1D00C5F89A /* Queue.h */ = {isa = PBXFileReference; lastKnownFileType = sourcecode.c.h; path = Queue.h; sourceTree = "<group>"; };
/* End PBXFileReference section */

/* Begin PBXFrameworksBuildPhase section */
		D4BCF26F1AD6D13300C5F89A /* Frameworks */ = {
			isa = PBXFrameworksBuildPhase;
			buildActionMask = 2147483647;
			files = (
			);
			runOnlyForDeploymentPostprocessing = 0;
		};
/* End PBXFrameworksBuildPhase section */

/* Begin PBXGroup section */
		D4BCF2691AD6D13300C5F89A = {
			isa = PBXGroup;
			children = (
				D4BCF2741AD6D13300C5F89A /* InfixToPreAndPostFix */,
				D4BCF2731AD6D13300C5F89A /* Products */,
			);
			sourceTree = "<group>";
		};
		D4BCF2731AD6D13300C5F89A /* Products */ = {
			isa = PBXGroup;
			children = (
				D4BCF2721AD6D13300C5F89A /* InfixToPreAndPostFix */,
			);
			name = Products;
			sourceTree = "<group>";
		};
		D4BCF2741AD6D13300C5F89A /* InfixToPreAndPostFix */ = {
			isa = PBXGroup;
			children = (
				D4BCF27C1AD6D26800C5F89A /* Node.h */,
				D4BCF2801AD6D75000C5F89A /* GenericSearch.h */,
				D4BCF2811AD6DF1D00C5F89A /* CircularLinkedList.h */,
				D4BCF2821AD6DF1D00C5F89A /* Queue.h */,
				D4BCF27D1AD6D26800C5F89A /* LinkedList.h */,
				D4BCF27E1AD6D26800C5F89A /* Stack.h */,
				D4BCF2751AD6D13300C5F89A /* main.cpp */,
			);
			path = InfixToPreAndPostFix;
			sourceTree = "<group>";
		};
/* End PBXGroup section */

/* Begin PBXNativeTarget section */
		D4BCF2711AD6D13300C5F89A /* InfixToPreAndPostFix */ = {
			isa = PBXNativeTarget;
			buildConfigurationList = D4BCF2791AD6D13300C5F89A /* Build configuration list for PBXNativeTarget "InfixToPreAndPostFix" */;
			buildPhases = (
				D4BCF26E1AD6D13300C5F89A /* Sources */,
				D4BCF26F1AD6D13300C5F89A /* Frameworks */,
				D4BCF2701AD6D13300C5F89A /* CopyFiles */,
			);
			buildRules = (
			);
			dependencies = (
			);
			name = InfixToPreAndPostFix;
			productName = InfixToPreAndPostFix;
			productReference = D4BCF2721AD6D13300C5F89A /* InfixToPreAndPostFix */;
			productType = "com.apple.product-type.tool";
		};
/* End PBXNativeTarget section */

/* Begin PBXProject section */
		D4BCF26A1AD6D13300C5F89A /* Project object */ = {
			isa = PBXProject;
			attributes = {
				LastUpgradeCheck = 0620;
				ORGANIZATIONNAME = "Gerardo Teruel";
				TargetAttributes = {
					D4BCF2711AD6D13300C5F89A = {
						CreatedOnToolsVersion = 6.2;
					};
				};
			};
			buildConfigurationList = D4BCF26D1AD6D13300C5F89A /* Build configuration list for PBXProject "InfixToPreAndPostFix" */;
			compatibilityVersion = "Xcode 3.2";
			developmentRegion = English;
			hasScannedForEncodings = 0;
			knownRegions = (
				en,
			);
			mainGroup = D4BCF2691AD6D13300C5F89A;
			productRefGroup = D4BCF2731AD6D13300C5F89A /* Products */;
			projectDirPath = "";
			projectRoot = "";
			targets = (
				D4BCF2711AD6D13300C5F89A /* InfixToPreAndPostFix */,
			);
		};
/* End PBXProject section */

/* Begin PBXSourcesBuildPhase section */
		D4BCF26E1AD6D13300C5F89A /* Sources */ = {
			isa = PBXSourcesBuildPhase;
			buildActionMask = 2147483647;
			files = (
				D4BCF2761AD6D13300C5F89A /* main.cpp in Sources */,
			);
			runOnlyForDeploymentPostprocessing = 0;
		};
/* End PBXSourcesBuildPhase section */

/* Begin XCBuildConfiguration section */
		D4BCF2771AD6D13300C5F89A /* Debug */ = {
			isa = XCBuildConfiguration;
			buildSettings = {
				ALWAYS_SEARCH_USER_PATHS = NO;
				CLANG_CXX_LANGUAGE_STANDARD = "gnu++0x";
				CLANG_CXX_LIBRARY = "libc++";
				CLANG_ENABLE_MODULES = YES;
				CLANG_ENABLE_OBJC_ARC = YES;
				CLANG_WARN_BOOL_CONVERSION = YES;
				CLANG_WARN_CONSTANT_CONVERSION = YES;
				CLANG_WARN_DIRECT_OBJC_ISA_USAGE = YES_ERROR;
				CLANG_WARN_EMPTY_BODY = YES;
				CLANG_WARN_ENUM_CONVERSION = YES;
				CLANG_WARN_INT_CONVERSION = YES;
				CLANG_WARN_OBJC_ROOT_CLASS = YES_ERROR;
				CLANG_WARN_UNREACHABLE_CODE = YES;
				CLANG_WARN__DUPLICATE_METHOD_MATCH = YES;
				COPY_PHASE_STRIP = NO;
				ENABLE_STRICT_OBJC_MSGSEND = YES;
				GCC_C_LANGUAGE_STANDARD = gnu99;
				GCC_DYNAMIC_NO_PIC = NO;
				GCC_OPTIMIZATION_LEVEL = 0;
				GCC_PREPROCESSOR_DEFINITIONS = (
					"DEBUG=1",
					"$(inherited)",
				);
				GCC_SYMBOLS_PRIVATE_EXTERN = NO;
				GCC_WARN_64_TO_32_BIT_CONVERSION = YES;
				GCC_WARN_ABOUT_RETURN_TYPE = YES_ERROR;
				GCC_WARN_UNDECLARED_SELECTOR = YES;
				GCC_WARN_UNINITIALIZED_AUTOS = YES_AGGRESSIVE;
				GCC_WARN_UNUSED_FUNCTION = YES;
				GCC_WARN_UNUSED_VARIABLE = YES;
				MACOSX_DEPLOYMENT_TARGET = 10.10;
				MTL_ENABLE_DEBUG_INFO = YES;
				ONLY_ACTIVE_ARCH = YES;
				SDKROOT = macosx;
			};
			name = Debug;
		};
		D4BCF2781AD6D13300C5F89A /* Release */ = {
			isa = XCBuildConfiguration;
			buildSettings = {
				ALWAYS_SEARCH_USER_PATHS = NO;
				CLANG_CXX_LANGUAGE_STANDARD = "gnu++0x";
				CLANG_CXX_LIBRARY = "libc++";
				CLANG_ENABLE_MODULES = YES;
				CLANG_ENABLE_OBJC_ARC = YES;
				CLANG_WARN_BOOL_CONVERSION = YES;
				CLANG_WARN_CONSTANT_CONVERSION = YES;
				CLANG_WARN_DIRECT_OBJC_ISA_USAGE = YES_ERROR;
				CLANG_WARN_EMPTY_BODY = YES;
				CLANG_WARN_ENUM_CONVERSION = YES;
				CLANG_WARN_INT_CONVERSION = YES;
				CLANG_WARN_OBJC_ROOT_CLASS = YES_ERROR;
				CLANG_WARN_UNREACHABLE_CODE = YES;
				CLANG_WARN__DUPLICATE_METHOD_MATCH = YES;
				COPY_PHASE_STRIP = NO;
				DEBUG_INFORMATION_FORMAT = "dwarf-with-dsym";
				ENABLE_NS_ASSERTIONS = NO;
				ENABLE_STRICT_OBJC_MSGSEND = YES;
				GCC_C_LANGUAGE_STANDARD = gnu99;
				GCC_WARN_64_TO_32_BIT_CONVERSION = YES;
				GCC_WARN_ABOUT_RETURN_TYPE = YES_ERROR;
				GCC_WARN_UNDECLARED_SELECTOR = YES;
				GCC_WARN_UNINITIALIZED_AUTOS = YES_AGGRESSIVE;
				GCC_WARN_UNUSED_FUNCTION = YES;
				GCC_WARN_UNUSED_VARIABLE = YES;
				MACOSX_DEPLOYMENT_TARGET = 10.10;
				MTL_ENABLE_DEBUG_INFO = NO;
				SDKROOT = macosx;
			};
			name = Release;
		};
		D4BCF27A1AD6D13300C5F89A /* Debug */ = {
			isa = XCBuildConfiguration;
			buildSettings = {
				PRODUCT_NAME = "$(TARGET_NAME)";
			};
			name = Debug;
		};
		D4BCF27B1AD6D13300C5F89A /* Release */ = {
			isa = XCBuildConfiguration;
			buildSettings = {
				PRODUCT_NAME = "$(TARGET_NAME)";
			};
			name = Release;
		};
/* End XCBuildConfiguration section */

/* Begin XCConfigurationList section */
		D4BCF26D1AD6D13300C5F89A /* Build configuration list for PBXProject "InfixToPreAndPostFix" */ = {
			isa = XCConfigurationList;
			buildConfigurations = (
				D4BCF2771AD6D13300C5F89A /* Debug */,
				D4BCF2781AD6D13300C5F89A /* Release */,
			);
			defaultConfigurationIsVisible = 0;
			defaultConfigurationName = Release;
		};
		D4BCF2791AD6D13300C5F89A /* Build configuration list for PBXNativeTarget "InfixToPreAndPostFix" */ = {
			isa = XCConfigurationList;
			buildConfigurations = (
				D4BCF27A1AD6D13300C5F89A /* Debug */,
				D4BCF27B1AD6D13300C5F89A /* Release */,
			);
			defaultConfigurationIsVisible = 0;
			defaultConfigurationName = Release;
		};
/* End XCConfigurationList section */
	};
	rootObject = D4BCF26A1AD6D13300C5F89A /* Project object */;
}
