// !$*UTF8*$!
{
	archiveVersion = 1;
	classes = {
	};
	objectVersion = 46;
	objects = {

/* Begin PBXBuildFile section */
		D48D7B731AEC32CD00503E8A /* main.cpp in Sources */ = {isa = PBXBuildFile; fileRef = D48D7B721AEC32CD00503E8A /* main.cpp */; };
		D48D7B941AEC332E00503E8A /* Estudiante.cpp in Sources */ = {isa = PBXBuildFile; fileRef = D48D7B921AEC332E00503E8A /* Estudiante.cpp */; };
		D48D7B971AEC33E500503E8A /* Relationship.cpp in Sources */ = {isa = PBXBuildFile; fileRef = D48D7B951AEC33E500503E8A /* Relationship.cpp */; };
/* End PBXBuildFile section */

/* Begin PBXContainerItemProxy section */
		D48D7B901AEC32EA00503E8A /* PBXContainerItemProxy */ = {
			isa = PBXContainerItemProxy;
			containerPortal = D48D7B8C1AEC32E800503E8A /* ejercicio01.xcodeproj */;
			proxyType = 2;
			remoteGlobalIDString = D48D7B821AEC32E800503E8A;
			remoteInfo = ejercicio01;
		};
/* End PBXContainerItemProxy section */

/* Begin PBXCopyFilesBuildPhase section */
		D48D7B6D1AEC32CD00503E8A /* CopyFiles */ = {
			isa = PBXCopyFilesBuildPhase;
			buildActionMask = 2147483647;
			dstPath = /usr/share/man/man1/;
			dstSubfolderSpec = 0;
			files = (
			);
			runOnlyForDeploymentPostprocessing = 1;
		};
/* End PBXCopyFilesBuildPhase section */

/* Begin PBXFileReference section */
		D48D7B6F1AEC32CD00503E8A /* ejercicio02 */ = {isa = PBXFileReference; explicitFileType = "compiled.mach-o.executable"; includeInIndex = 0; path = ejercicio02; sourceTree = BUILT_PRODUCTS_DIR; };
		D48D7B721AEC32CD00503E8A /* main.cpp */ = {isa = PBXFileReference; lastKnownFileType = sourcecode.cpp.cpp; path = main.cpp; sourceTree = "<group>"; };
		D48D7B8C1AEC32E800503E8A /* ejercicio01.xcodeproj */ = {isa = PBXFileReference; lastKnownFileType = "wrapper.pb-project"; name = ejercicio01.xcodeproj; path = ../ejercicio01/ejercicio01.xcodeproj; sourceTree = "<group>"; };
		D48D7B921AEC332E00503E8A /* Estudiante.cpp */ = {isa = PBXFileReference; fileEncoding = 4; lastKnownFileType = sourcecode.cpp.cpp; path = Estudiante.cpp; sourceTree = "<group>"; };
		D48D7B931AEC332E00503E8A /* Estudiante.h */ = {isa = PBXFileReference; fileEncoding = 4; lastKnownFileType = sourcecode.c.h; path = Estudiante.h; sourceTree = "<group>"; };
		D48D7B951AEC33E500503E8A /* Relationship.cpp */ = {isa = PBXFileReference; fileEncoding = 4; lastKnownFileType = sourcecode.cpp.cpp; path = Relationship.cpp; sourceTree = "<group>"; };
		D48D7B961AEC33E500503E8A /* Relationship.h */ = {isa = PBXFileReference; fileEncoding = 4; lastKnownFileType = sourcecode.c.h; path = Relationship.h; sourceTree = "<group>"; };
/* End PBXFileReference section */

/* Begin PBXFrameworksBuildPhase section */
		D48D7B6C1AEC32CD00503E8A /* Frameworks */ = {
			isa = PBXFrameworksBuildPhase;
			buildActionMask = 2147483647;
			files = (
			);
			runOnlyForDeploymentPostprocessing = 0;
		};
/* End PBXFrameworksBuildPhase section */

/* Begin PBXGroup section */
		D48D7B661AEC32CD00503E8A = {
			isa = PBXGroup;
			children = (
				D48D7B8C1AEC32E800503E8A /* ejercicio01.xcodeproj */,
				D48D7B711AEC32CD00503E8A /* ejercicio02 */,
				D48D7B701AEC32CD00503E8A /* Products */,
			);
			sourceTree = "<group>";
		};
		D48D7B701AEC32CD00503E8A /* Products */ = {
			isa = PBXGroup;
			children = (
				D48D7B6F1AEC32CD00503E8A /* ejercicio02 */,
			);
			name = Products;
			sourceTree = "<group>";
		};
		D48D7B711AEC32CD00503E8A /* ejercicio02 */ = {
			isa = PBXGroup;
			children = (
				D48D7B721AEC32CD00503E8A /* main.cpp */,
				D48D7B921AEC332E00503E8A /* Estudiante.cpp */,
				D48D7B931AEC332E00503E8A /* Estudiante.h */,
				D48D7B951AEC33E500503E8A /* Relationship.cpp */,
				D48D7B961AEC33E500503E8A /* Relationship.h */,
			);
			path = ejercicio02;
			sourceTree = "<group>";
		};
		D48D7B8D1AEC32E800503E8A /* Products */ = {
			isa = PBXGroup;
			children = (
				D48D7B911AEC32EA00503E8A /* ejercicio01 */,
			);
			name = Products;
			sourceTree = "<group>";
		};
/* End PBXGroup section */

/* Begin PBXNativeTarget section */
		D48D7B6E1AEC32CD00503E8A /* ejercicio02 */ = {
			isa = PBXNativeTarget;
			buildConfigurationList = D48D7B761AEC32CD00503E8A /* Build configuration list for PBXNativeTarget "ejercicio02" */;
			buildPhases = (
				D48D7B6B1AEC32CD00503E8A /* Sources */,
				D48D7B6C1AEC32CD00503E8A /* Frameworks */,
				D48D7B6D1AEC32CD00503E8A /* CopyFiles */,
			);
			buildRules = (
			);
			dependencies = (
			);
			name = ejercicio02;
			productName = ejercicio02;
			productReference = D48D7B6F1AEC32CD00503E8A /* ejercicio02 */;
			productType = "com.apple.product-type.tool";
		};
/* End PBXNativeTarget section */

/* Begin PBXProject section */
		D48D7B671AEC32CD00503E8A /* Project object */ = {
			isa = PBXProject;
			attributes = {
				LastUpgradeCheck = 0630;
				ORGANIZATIONNAME = "Gerardo Teruel";
				TargetAttributes = {
					D48D7B6E1AEC32CD00503E8A = {
						CreatedOnToolsVersion = 6.3.1;
					};
				};
			};
			buildConfigurationList = D48D7B6A1AEC32CD00503E8A /* Build configuration list for PBXProject "ejercicio02" */;
			compatibilityVersion = "Xcode 3.2";
			developmentRegion = English;
			hasScannedForEncodings = 0;
			knownRegions = (
				en,
			);
			mainGroup = D48D7B661AEC32CD00503E8A;
			productRefGroup = D48D7B701AEC32CD00503E8A /* Products */;
			projectDirPath = "";
			projectReferences = (
				{
					ProductGroup = D48D7B8D1AEC32E800503E8A /* Products */;
					ProjectRef = D48D7B8C1AEC32E800503E8A /* ejercicio01.xcodeproj */;
				},
			);
			projectRoot = "";
			targets = (
				D48D7B6E1AEC32CD00503E8A /* ejercicio02 */,
			);
		};
/* End PBXProject section */

/* Begin PBXReferenceProxy section */
		D48D7B911AEC32EA00503E8A /* ejercicio01 */ = {
			isa = PBXReferenceProxy;
			fileType = "compiled.mach-o.executable";
			path = ejercicio01;
			remoteRef = D48D7B901AEC32EA00503E8A /* PBXContainerItemProxy */;
			sourceTree = BUILT_PRODUCTS_DIR;
		};
/* End PBXReferenceProxy section */

/* Begin PBXSourcesBuildPhase section */
		D48D7B6B1AEC32CD00503E8A /* Sources */ = {
			isa = PBXSourcesBuildPhase;
			buildActionMask = 2147483647;
			files = (
				D48D7B731AEC32CD00503E8A /* main.cpp in Sources */,
				D48D7B971AEC33E500503E8A /* Relationship.cpp in Sources */,
				D48D7B941AEC332E00503E8A /* Estudiante.cpp in Sources */,
			);
			runOnlyForDeploymentPostprocessing = 0;
		};
/* End PBXSourcesBuildPhase section */

/* Begin XCBuildConfiguration section */
		D48D7B741AEC32CD00503E8A /* Debug */ = {
			isa = XCBuildConfiguration;
			buildSettings = {
				ALWAYS_SEARCH_USER_PATHS = NO;
				CLANG_CXX_LANGUAGE_STANDARD = "gnu++0x";
				CLANG_CXX_LIBRARY = "libc++";
				CLANG_ENABLE_MODULES = YES;
				CLANG_ENABLE_OBJC_ARC = YES;
				CLANG_WARN_BOOL_CONVERSION = YES;
				CLANG_WARN_CONSTANT_CONVERSION = YES;
				CLANG_WARN_DIRECT_OBJC_ISA_USAGE = YES_ERROR;
				CLANG_WARN_EMPTY_BODY = YES;
				CLANG_WARN_ENUM_CONVERSION = YES;
				CLANG_WARN_INT_CONVERSION = YES;
				CLANG_WARN_OBJC_ROOT_CLASS = YES_ERROR;
				CLANG_WARN_UNREACHABLE_CODE = YES;
				CLANG_WARN__DUPLICATE_METHOD_MATCH = YES;
				COPY_PHASE_STRIP = NO;
				DEBUG_INFORMATION_FORMAT = dwarf;
				ENABLE_STRICT_OBJC_MSGSEND = YES;
				GCC_C_LANGUAGE_STANDARD = gnu99;
				GCC_DYNAMIC_NO_PIC = NO;
				GCC_NO_COMMON_BLOCKS = YES;
				GCC_OPTIMIZATION_LEVEL = 0;
				GCC_PREPROCESSOR_DEFINITIONS = (
					"DEBUG=1",
					"$(inherited)",
				);
				GCC_SYMBOLS_PRIVATE_EXTERN = NO;
				GCC_WARN_64_TO_32_BIT_CONVERSION = YES;
				GCC_WARN_ABOUT_RETURN_TYPE = YES_ERROR;
				GCC_WARN_UNDECLARED_SELECTOR = YES;
				GCC_WARN_UNINITIALIZED_AUTOS = YES_AGGRESSIVE;
				GCC_WARN_UNUSED_FUNCTION = YES;
				GCC_WARN_UNUSED_VARIABLE = YES;
				MACOSX_DEPLOYMENT_TARGET = 10.10;
				MTL_ENABLE_DEBUG_INFO = YES;
				ONLY_ACTIVE_ARCH = YES;
				SDKROOT = macosx;
			};
			name = Debug;
		};
		D48D7B751AEC32CD00503E8A /* Release */ = {
			isa = XCBuildConfiguration;
			buildSettings = {
				ALWAYS_SEARCH_USER_PATHS = NO;
				CLANG_CXX_LANGUAGE_STANDARD = "gnu++0x";
				CLANG_CXX_LIBRARY = "libc++";
				CLANG_ENABLE_MODULES = YES;
				CLANG_ENABLE_OBJC_ARC = YES;
				CLANG_WARN_BOOL_CONVERSION = YES;
				CLANG_WARN_CONSTANT_CONVERSION = YES;
				CLANG_WARN_DIRECT_OBJC_ISA_USAGE = YES_ERROR;
				CLANG_WARN_EMPTY_BODY = YES;
				CLANG_WARN_ENUM_CONVERSION = YES;
				CLANG_WARN_INT_CONVERSION = YES;
				CLANG_WARN_OBJC_ROOT_CLASS = YES_ERROR;
				CLANG_WARN_UNREACHABLE_CODE = YES;
				CLANG_WARN__DUPLICATE_METHOD_MATCH = YES;
				COPY_PHASE_STRIP = NO;
				DEBUG_INFORMATION_FORMAT = "dwarf-with-dsym";
				ENABLE_NS_ASSERTIONS = NO;
				ENABLE_STRICT_OBJC_MSGSEND = YES;
				GCC_C_LANGUAGE_STANDARD = gnu99;
				GCC_NO_COMMON_BLOCKS = YES;
				GCC_WARN_64_TO_32_BIT_CONVERSION = YES;
				GCC_WARN_ABOUT_RETURN_TYPE = YES_ERROR;
				GCC_WARN_UNDECLARED_SELECTOR = YES;
				GCC_WARN_UNINITIALIZED_AUTOS = YES_AGGRESSIVE;
				GCC_WARN_UNUSED_FUNCTION = YES;
				GCC_WARN_UNUSED_VARIABLE = YES;
				MACOSX_DEPLOYMENT_TARGET = 10.10;
				MTL_ENABLE_DEBUG_INFO = NO;
				SDKROOT = macosx;
			};
			name = Release;
		};
		D48D7B771AEC32CD00503E8A /* Debug */ = {
			isa = XCBuildConfiguration;
			buildSettings = {
				PRODUCT_NAME = "$(TARGET_NAME)";
			};
			name = Debug;
		};
		D48D7B781AEC32CD00503E8A /* Release */ = {
			isa = XCBuildConfiguration;
			buildSettings = {
				PRODUCT_NAME = "$(TARGET_NAME)";
			};
			name = Release;
		};
/* End XCBuildConfiguration section */

/* Begin XCConfigurationList section */
		D48D7B6A1AEC32CD00503E8A /* Build configuration list for PBXProject "ejercicio02" */ = {
			isa = XCConfigurationList;
			buildConfigurations = (
				D48D7B741AEC32CD00503E8A /* Debug */,
				D48D7B751AEC32CD00503E8A /* Release */,
			);
			defaultConfigurationIsVisible = 0;
			defaultConfigurationName = Release;
		};
		D48D7B761AEC32CD00503E8A /* Build configuration list for PBXNativeTarget "ejercicio02" */ = {
			isa = XCConfigurationList;
			buildConfigurations = (
				D48D7B771AEC32CD00503E8A /* Debug */,
				D48D7B781AEC32CD00503E8A /* Release */,
			);
			defaultConfigurationIsVisible = 0;
		};
/* End XCConfigurationList section */
	};
	rootObject = D48D7B671AEC32CD00503E8A /* Project object */;
}
