// !$*UTF8*$!
{
	archiveVersion = 1;
	classes = {
	};
	objectVersion = 46;
	objects = {

/* Begin PBXBuildFile section */
		D44B05CF1AE324C30042AD6E /* main.cpp in Sources */ = {isa = PBXBuildFile; fileRef = D44B05CE1AE324C30042AD6E /* main.cpp */; };
/* End PBXBuildFile section */

/* Begin PBXCopyFilesBuildPhase section */
		D44B05C91AE324C30042AD6E /* CopyFiles */ = {
			isa = PBXCopyFilesBuildPhase;
			buildActionMask = 2147483647;
			dstPath = /usr/share/man/man1/;
			dstSubfolderSpec = 0;
			files = (
			);
			runOnlyForDeploymentPostprocessing = 1;
		};
/* End PBXCopyFilesBuildPhase section */

/* Begin PBXFileReference section */
		D44B05CB1AE324C30042AD6E /* ejercicio02 */ = {isa = PBXFileReference; explicitFileType = "compiled.mach-o.executable"; includeInIndex = 0; path = ejercicio02; sourceTree = BUILT_PRODUCTS_DIR; };
		D44B05CE1AE324C30042AD6E /* main.cpp */ = {isa = PBXFileReference; lastKnownFileType = sourcecode.cpp.cpp; path = main.cpp; sourceTree = "<group>"; };
		D44B05D51AE324E70042AD6E /* BNode.h */ = {isa = PBXFileReference; lastKnownFileType = sourcecode.c.h; path = BNode.h; sourceTree = "<group>"; };
		D44B05D61AE324E70042AD6E /* BinaryTree.h */ = {isa = PBXFileReference; lastKnownFileType = sourcecode.c.h; path = BinaryTree.h; sourceTree = "<group>"; };
/* End PBXFileReference section */

/* Begin PBXFrameworksBuildPhase section */
		D44B05C81AE324C30042AD6E /* Frameworks */ = {
			isa = PBXFrameworksBuildPhase;
			buildActionMask = 2147483647;
			files = (
			);
			runOnlyForDeploymentPostprocessing = 0;
		};
/* End PBXFrameworksBuildPhase section */

/* Begin PBXGroup section */
		D44B05C21AE324C30042AD6E = {
			isa = PBXGroup;
			children = (
				D44B05CD1AE324C30042AD6E /* ejercicio02 */,
				D44B05CC1AE324C30042AD6E /* Products */,
			);
			sourceTree = "<group>";
		};
		D44B05CC1AE324C30042AD6E /* Products */ = {
			isa = PBXGroup;
			children = (
				D44B05CB1AE324C30042AD6E /* ejercicio02 */,
			);
			name = Products;
			sourceTree = "<group>";
		};
		D44B05CD1AE324C30042AD6E /* ejercicio02 */ = {
			isa = PBXGroup;
			children = (
				D44B05D51AE324E70042AD6E /* BNode.h */,
				D44B05D61AE324E70042AD6E /* BinaryTree.h */,
				D44B05CE1AE324C30042AD6E /* main.cpp */,
			);
			path = ejercicio02;
			sourceTree = "<group>";
		};
/* End PBXGroup section */

/* Begin PBXNativeTarget section */
		D44B05CA1AE324C30042AD6E /* ejercicio02 */ = {
			isa = PBXNativeTarget;
			buildConfigurationList = D44B05D21AE324C30042AD6E /* Build configuration list for PBXNativeTarget "ejercicio02" */;
			buildPhases = (
				D44B05C71AE324C30042AD6E /* Sources */,
				D44B05C81AE324C30042AD6E /* Frameworks */,
				D44B05C91AE324C30042AD6E /* CopyFiles */,
			);
			buildRules = (
			);
			dependencies = (
			);
			name = ejercicio02;
			productName = ejercicio02;
			productReference = D44B05CB1AE324C30042AD6E /* ejercicio02 */;
			productType = "com.apple.product-type.tool";
		};
/* End PBXNativeTarget section */

/* Begin PBXProject section */
		D44B05C31AE324C30042AD6E /* Project object */ = {
			isa = PBXProject;
			attributes = {
				LastUpgradeCheck = 0630;
				ORGANIZATIONNAME = "Gerardo Teruel";
				TargetAttributes = {
					D44B05CA1AE324C30042AD6E = {
						CreatedOnToolsVersion = 6.3;
					};
				};
			};
			buildConfigurationList = D44B05C61AE324C30042AD6E /* Build configuration list for PBXProject "ejercicio02" */;
			compatibilityVersion = "Xcode 3.2";
			developmentRegion = English;
			hasScannedForEncodings = 0;
			knownRegions = (
				en,
			);
			mainGroup = D44B05C21AE324C30042AD6E;
			productRefGroup = D44B05CC1AE324C30042AD6E /* Products */;
			projectDirPath = "";
			projectRoot = "";
			targets = (
				D44B05CA1AE324C30042AD6E /* ejercicio02 */,
			);
		};
/* End PBXProject section */

/* Begin PBXSourcesBuildPhase section */
		D44B05C71AE324C30042AD6E /* Sources */ = {
			isa = PBXSourcesBuildPhase;
			buildActionMask = 2147483647;
			files = (
				D44B05CF1AE324C30042AD6E /* main.cpp in Sources */,
			);
			runOnlyForDeploymentPostprocessing = 0;
		};
/* End PBXSourcesBuildPhase section */

/* Begin XCBuildConfiguration section */
		D44B05D01AE324C30042AD6E /* Debug */ = {
			isa = XCBuildConfiguration;
			buildSettings = {
				ALWAYS_SEARCH_USER_PATHS = NO;
				CLANG_CXX_LANGUAGE_STANDARD = "gnu++0x";
				CLANG_CXX_LIBRARY = "libc++";
				CLANG_ENABLE_MODULES = YES;
				CLANG_ENABLE_OBJC_ARC = YES;
				CLANG_WARN_BOOL_CONVERSION = YES;
				CLANG_WARN_CONSTANT_CONVERSION = YES;
				CLANG_WARN_DIRECT_OBJC_ISA_USAGE = YES_ERROR;
				CLANG_WARN_EMPTY_BODY = YES;
				CLANG_WARN_ENUM_CONVERSION = YES;
				CLANG_WARN_INT_CONVERSION = YES;
				CLANG_WARN_OBJC_ROOT_CLASS = YES_ERROR;
				CLANG_WARN_UNREACHABLE_CODE = YES;
				CLANG_WARN__DUPLICATE_METHOD_MATCH = YES;
				COPY_PHASE_STRIP = NO;
				DEBUG_INFORMATION_FORMAT = dwarf;
				ENABLE_STRICT_OBJC_MSGSEND = YES;
				GCC_C_LANGUAGE_STANDARD = gnu99;
				GCC_DYNAMIC_NO_PIC = NO;
				GCC_NO_COMMON_BLOCKS = YES;
				GCC_OPTIMIZATION_LEVEL = 0;
				GCC_PREPROCESSOR_DEFINITIONS = (
					"DEBUG=1",
					"$(inherited)",
				);
				GCC_SYMBOLS_PRIVATE_EXTERN = NO;
				GCC_WARN_64_TO_32_BIT_CONVERSION = YES;
				GCC_WARN_ABOUT_RETURN_TYPE = YES_ERROR;
				GCC_WARN_UNDECLARED_SELECTOR = YES;
				GCC_WARN_UNINITIALIZED_AUTOS = YES_AGGRESSIVE;
				GCC_WARN_UNUSED_FUNCTION = YES;
				GCC_WARN_UNUSED_VARIABLE = YES;
				MACOSX_DEPLOYMENT_TARGET = 10.10;
				MTL_ENABLE_DEBUG_INFO = YES;
				ONLY_ACTIVE_ARCH = YES;
				SDKROOT = macosx;
			};
			name = Debug;
		};
		D44B05D11AE324C30042AD6E /* Release */ = {
			isa = XCBuildConfiguration;
			buildSettings = {
				ALWAYS_SEARCH_USER_PATHS = NO;
				CLANG_CXX_LANGUAGE_STANDARD = "gnu++0x";
				CLANG_CXX_LIBRARY = "libc++";
				CLANG_ENABLE_MODULES = YES;
				CLANG_ENABLE_OBJC_ARC = YES;
				CLANG_WARN_BOOL_CONVERSION = YES;
				CLANG_WARN_CONSTANT_CONVERSION = YES;
				CLANG_WARN_DIRECT_OBJC_ISA_USAGE = YES_ERROR;
				CLANG_WARN_EMPTY_BODY = YES;
				CLANG_WARN_ENUM_CONVERSION = YES;
				CLANG_WARN_INT_CONVERSION = YES;
				CLANG_WARN_OBJC_ROOT_CLASS = YES_ERROR;
				CLANG_WARN_UNREACHABLE_CODE = YES;
				CLANG_WARN__DUPLICATE_METHOD_MATCH = YES;
				COPY_PHASE_STRIP = NO;
				DEBUG_INFORMATION_FORMAT = "dwarf-with-dsym";
				ENABLE_NS_ASSERTIONS = NO;
				ENABLE_STRICT_OBJC_MSGSEND = YES;
				GCC_C_LANGUAGE_STANDARD = gnu99;
				GCC_NO_COMMON_BLOCKS = YES;
				GCC_WARN_64_TO_32_BIT_CONVERSION = YES;
				GCC_WARN_ABOUT_RETURN_TYPE = YES_ERROR;
				GCC_WARN_UNDECLARED_SELECTOR = YES;
				GCC_WARN_UNINITIALIZED_AUTOS = YES_AGGRESSIVE;
				GCC_WARN_UNUSED_FUNCTION = YES;
				GCC_WARN_UNUSED_VARIABLE = YES;
				MACOSX_DEPLOYMENT_TARGET = 10.10;
				MTL_ENABLE_DEBUG_INFO = NO;
				SDKROOT = macosx;
			};
			name = Release;
		};
		D44B05D31AE324C30042AD6E /* Debug */ = {
			isa = XCBuildConfiguration;
			buildSettings = {
				PRODUCT_NAME = "$(TARGET_NAME)";
			};
			name = Debug;
		};
		D44B05D41AE324C30042AD6E /* Release */ = {
			isa = XCBuildConfiguration;
			buildSettings = {
				PRODUCT_NAME = "$(TARGET_NAME)";
			};
			name = Release;
		};
/* End XCBuildConfiguration section */

/* Begin XCConfigurationList section */
		D44B05C61AE324C30042AD6E /* Build configuration list for PBXProject "ejercicio02" */ = {
			isa = XCConfigurationList;
			buildConfigurations = (
				D44B05D01AE324C30042AD6E /* Debug */,
				D44B05D11AE324C30042AD6E /* Release */,
			);
			defaultConfigurationIsVisible = 0;
			defaultConfigurationName = Release;
		};
		D44B05D21AE324C30042AD6E /* Build configuration list for PBXNativeTarget "ejercicio02" */ = {
			isa = XCConfigurationList;
			buildConfigurations = (
				D44B05D31AE324C30042AD6E /* Debug */,
				D44B05D41AE324C30042AD6E /* Release */,
			);
			defaultConfigurationIsVisible = 0;
			defaultConfigurationName = Release;
		};
/* End XCConfigurationList section */
	};
	rootObject = D44B05C31AE324C30042AD6E /* Project object */;
}
